// !$*UTF8*$!
{
	archiveVersion = 1;
	classes = {
	};
	objectVersion = 46;
	objects = {

/* Begin PBXBuildFile section */
		7A1E97451B5492090005BDE2 /* SwiftyJSON.swift in Sources */ = {isa = PBXBuildFile; fileRef = 7A1E97441B5492090005BDE2 /* SwiftyJSON.swift */; };
		7A4CFCC31B4C46EA00A6F96F /* RampManagerDemo.framework in Frameworks */ = {isa = PBXBuildFile; fileRef = 7A4CFCC11B4C46BC00A6F96F /* RampManagerDemo.framework */; };
		7A4CFCC41B4C46EA00A6F96F /* RampManagerDemo.framework in Embed Frameworks */ = {isa = PBXBuildFile; fileRef = 7A4CFCC11B4C46BC00A6F96F /* RampManagerDemo.framework */; settings = {ATTRIBUTES = (CodeSignOnCopy, RemoveHeadersOnCopy, ); }; };
		7A79DBE51B39BB380026C61A /* AppDelegate.swift in Sources */ = {isa = PBXBuildFile; fileRef = 7A79DBE41B39BB380026C61A /* AppDelegate.swift */; };
		7A79DBE71B39BB380026C61A /* ViewController.swift in Sources */ = {isa = PBXBuildFile; fileRef = 7A79DBE61B39BB380026C61A /* ViewController.swift */; };
		7A79DBEA1B39BB380026C61A /* Main.storyboard in Resources */ = {isa = PBXBuildFile; fileRef = 7A79DBE81B39BB380026C61A /* Main.storyboard */; };
		7A79DBEC1B39BB380026C61A /* Images.xcassets in Resources */ = {isa = PBXBuildFile; fileRef = 7A79DBEB1B39BB380026C61A /* Images.xcassets */; };
		7A79DBEF1B39BB380026C61A /* LaunchScreen.xib in Resources */ = {isa = PBXBuildFile; fileRef = 7A79DBED1B39BB380026C61A /* LaunchScreen.xib */; };
		7A79DBFB1B39BB380026C61A /* RampsDemoTests.swift in Sources */ = {isa = PBXBuildFile; fileRef = 7A79DBFA1B39BB380026C61A /* RampsDemoTests.swift */; };
		7A79DC071B39C0810026C61A /* Util.swift in Sources */ = {isa = PBXBuildFile; fileRef = 7A79DC061B39C0810026C61A /* Util.swift */; };
		7A79DC611B3B6AF20026C61A /* TableController.swift in Sources */ = {isa = PBXBuildFile; fileRef = 7A79DC601B3B6AF20026C61A /* TableController.swift */; };
		7A7A8DC21B3B9CAA009CC01D /* rampEmbed.json in Resources */ = {isa = PBXBuildFile; fileRef = 7A7A8DC11B3B9CAA009CC01D /* rampEmbed.json */; };
/* End PBXBuildFile section */

/* Begin PBXContainerItemProxy section */
		7A79DBF51B39BB380026C61A /* PBXContainerItemProxy */ = {
			isa = PBXContainerItemProxy;
			containerPortal = 7A79DBD71B39BB380026C61A /* Project object */;
			proxyType = 1;
			remoteGlobalIDString = 7A79DBDE1B39BB380026C61A;
			remoteInfo = RampsDemo;
		};
/* End PBXContainerItemProxy section */

/* Begin PBXCopyFilesBuildPhase section */
		7A79DC0F1B39C6D80026C61A /* Embed Frameworks */ = {
			isa = PBXCopyFilesBuildPhase;
			buildActionMask = 2147483647;
			dstPath = "";
			dstSubfolderSpec = 10;
			files = (
				7A4CFCC41B4C46EA00A6F96F /* RampManagerDemo.framework in Embed Frameworks */,
			);
			name = "Embed Frameworks";
			runOnlyForDeploymentPostprocessing = 0;
		};
/* End PBXCopyFilesBuildPhase section */

/* Begin PBXFileReference section */
		7A1E97441B5492090005BDE2 /* SwiftyJSON.swift */ = {isa = PBXFileReference; fileEncoding = 4; lastKnownFileType = sourcecode.swift; path = SwiftyJSON.swift; sourceTree = "<group>"; };
		7A4CFCC11B4C46BC00A6F96F /* RampManagerDemo.framework */ = {isa = PBXFileReference; lastKnownFileType = wrapper.framework; path = RampManagerDemo.framework; sourceTree = "<group>"; };
		7A79DBDF1B39BB380026C61A /* RampsDemo.app */ = {isa = PBXFileReference; explicitFileType = wrapper.application; includeInIndex = 0; path = RampsDemo.app; sourceTree = BUILT_PRODUCTS_DIR; };
		7A79DBE31B39BB380026C61A /* Info.plist */ = {isa = PBXFileReference; lastKnownFileType = text.plist.xml; path = Info.plist; sourceTree = "<group>"; };
		7A79DBE41B39BB380026C61A /* AppDelegate.swift */ = {isa = PBXFileReference; lastKnownFileType = sourcecode.swift; path = AppDelegate.swift; sourceTree = "<group>"; };
		7A79DBE61B39BB380026C61A /* ViewController.swift */ = {isa = PBXFileReference; lastKnownFileType = sourcecode.swift; path = ViewController.swift; sourceTree = "<group>"; };
		7A79DBE91B39BB380026C61A /* Base */ = {isa = PBXFileReference; lastKnownFileType = file.storyboard; name = Base; path = Base.lproj/Main.storyboard; sourceTree = "<group>"; };
		7A79DBEB1B39BB380026C61A /* Images.xcassets */ = {isa = PBXFileReference; lastKnownFileType = folder.assetcatalog; path = Images.xcassets; sourceTree = "<group>"; };
		7A79DBEE1B39BB380026C61A /* Base */ = {isa = PBXFileReference; lastKnownFileType = file.xib; name = Base; path = Base.lproj/LaunchScreen.xib; sourceTree = "<group>"; };
		7A79DBF41B39BB380026C61A /* RampsDemoTests.xctest */ = {isa = PBXFileReference; explicitFileType = wrapper.cfbundle; includeInIndex = 0; path = RampsDemoTests.xctest; sourceTree = BUILT_PRODUCTS_DIR; };
		7A79DBF91B39BB380026C61A /* Info.plist */ = {isa = PBXFileReference; lastKnownFileType = text.plist.xml; path = Info.plist; sourceTree = "<group>"; };
		7A79DBFA1B39BB380026C61A /* RampsDemoTests.swift */ = {isa = PBXFileReference; lastKnownFileType = sourcecode.swift; path = RampsDemoTests.swift; sourceTree = "<group>"; };
		7A79DC061B39C0810026C61A /* Util.swift */ = {isa = PBXFileReference; fileEncoding = 4; lastKnownFileType = sourcecode.swift; path = Util.swift; sourceTree = "<group>"; };
		7A79DC601B3B6AF20026C61A /* TableController.swift */ = {isa = PBXFileReference; fileEncoding = 4; lastKnownFileType = sourcecode.swift; path = TableController.swift; sourceTree = "<group>"; };
		7A7A8DC11B3B9CAA009CC01D /* rampEmbed.json */ = {isa = PBXFileReference; fileEncoding = 4; lastKnownFileType = text.json; path = rampEmbed.json; sourceTree = "<group>"; };
/* End PBXFileReference section */

/* Begin PBXFrameworksBuildPhase section */
		7A79DBDC1B39BB380026C61A /* Frameworks */ = {
			isa = PBXFrameworksBuildPhase;
			buildActionMask = 2147483647;
			files = (
				7A4CFCC31B4C46EA00A6F96F /* RampManagerDemo.framework in Frameworks */,
			);
			runOnlyForDeploymentPostprocessing = 0;
		};
		7A79DBF11B39BB380026C61A /* Frameworks */ = {
			isa = PBXFrameworksBuildPhase;
			buildActionMask = 2147483647;
			files = (
			);
			runOnlyForDeploymentPostprocessing = 0;
		};
/* End PBXFrameworksBuildPhase section */

/* Begin PBXGroup section */
		7A79DBD61B39BB380026C61A = {
			isa = PBXGroup;
			children = (
				7A79DBE11B39BB380026C61A /* RampsDemo */,
				7A79DBF71B39BB380026C61A /* RampsDemoTests */,
				7A79DBE01B39BB380026C61A /* Products */,
			);
			sourceTree = "<group>";
		};
		7A79DBE01B39BB380026C61A /* Products */ = {
			isa = PBXGroup;
			children = (
				7A79DBDF1B39BB380026C61A /* RampsDemo.app */,
				7A79DBF41B39BB380026C61A /* RampsDemoTests.xctest */,
			);
			name = Products;
			sourceTree = "<group>";
		};
		7A79DBE11B39BB380026C61A /* RampsDemo */ = {
			isa = PBXGroup;
			children = (
				7A4CFCC11B4C46BC00A6F96F /* RampManagerDemo.framework */,
				7A79DBE41B39BB380026C61A /* AppDelegate.swift */,
				7A79DBE61B39BB380026C61A /* ViewController.swift */,
				7A79DC601B3B6AF20026C61A /* TableController.swift */,
				7A79DC061B39C0810026C61A /* Util.swift */,
				7A79DBE81B39BB380026C61A /* Main.storyboard */,
				7A79DBEB1B39BB380026C61A /* Images.xcassets */,
				7A79DBED1B39BB380026C61A /* LaunchScreen.xib */,
				7A79DBE21B39BB380026C61A /* Supporting Files */,
			);
			path = RampsDemo;
			sourceTree = "<group>";
		};
		7A79DBE21B39BB380026C61A /* Supporting Files */ = {
			isa = PBXGroup;
			children = (
				7A1E97441B5492090005BDE2 /* SwiftyJSON.swift */,
				7A79DBE31B39BB380026C61A /* Info.plist */,
				7A7A8DC11B3B9CAA009CC01D /* rampEmbed.json */,
			);
			name = "Supporting Files";
			sourceTree = "<group>";
		};
		7A79DBF71B39BB380026C61A /* RampsDemoTests */ = {
			isa = PBXGroup;
			children = (
				7A79DBFA1B39BB380026C61A /* RampsDemoTests.swift */,
				7A79DBF81B39BB380026C61A /* Supporting Files */,
			);
			path = RampsDemoTests;
			sourceTree = "<group>";
		};
		7A79DBF81B39BB380026C61A /* Supporting Files */ = {
			isa = PBXGroup;
			children = (
				7A79DBF91B39BB380026C61A /* Info.plist */,
			);
			name = "Supporting Files";
			sourceTree = "<group>";
		};
/* End PBXGroup section */

/* Begin PBXNativeTarget section */
		7A79DBDE1B39BB380026C61A /* RampsDemo */ = {
			isa = PBXNativeTarget;
			buildConfigurationList = 7A79DBFE1B39BB380026C61A /* Build configuration list for PBXNativeTarget "RampsDemo" */;
			buildPhases = (
				7A79DBDB1B39BB380026C61A /* Sources */,
				7A79DBDC1B39BB380026C61A /* Frameworks */,
				7A79DBDD1B39BB380026C61A /* Resources */,
				7A79DC0F1B39C6D80026C61A /* Embed Frameworks */,
			);
			buildRules = (
			);
			dependencies = (
			);
			name = RampsDemo;
			productName = RampsDemo;
			productReference = 7A79DBDF1B39BB380026C61A /* RampsDemo.app */;
			productType = "com.apple.product-type.application";
		};
		7A79DBF31B39BB380026C61A /* RampsDemoTests */ = {
			isa = PBXNativeTarget;
			buildConfigurationList = 7A79DC011B39BB380026C61A /* Build configuration list for PBXNativeTarget "RampsDemoTests" */;
			buildPhases = (
				7A79DBF01B39BB380026C61A /* Sources */,
				7A79DBF11B39BB380026C61A /* Frameworks */,
				7A79DBF21B39BB380026C61A /* Resources */,
			);
			buildRules = (
			);
			dependencies = (
				7A79DBF61B39BB380026C61A /* PBXTargetDependency */,
			);
			name = RampsDemoTests;
			productName = RampsDemoTests;
			productReference = 7A79DBF41B39BB380026C61A /* RampsDemoTests.xctest */;
			productType = "com.apple.product-type.bundle.unit-test";
		};
/* End PBXNativeTarget section */

/* Begin PBXProject section */
		7A79DBD71B39BB380026C61A /* Project object */ = {
			isa = PBXProject;
			attributes = {
				LastSwiftUpdateCheck = 0700;
				LastUpgradeCheck = 0630;
				ORGANIZATIONNAME = "Panindra Tumkur Seetharamu";
				TargetAttributes = {
					7A79DBDE1B39BB380026C61A = {
						CreatedOnToolsVersion = 6.3.2;
					};
					7A79DBF31B39BB380026C61A = {
						CreatedOnToolsVersion = 6.3.2;
						TestTargetID = 7A79DBDE1B39BB380026C61A;
					};
				};
			};
			buildConfigurationList = 7A79DBDA1B39BB380026C61A /* Build configuration list for PBXProject "RampsDemo" */;
			compatibilityVersion = "Xcode 3.2";
			developmentRegion = English;
			hasScannedForEncodings = 0;
			knownRegions = (
				en,
				Base,
			);
			mainGroup = 7A79DBD61B39BB380026C61A;
			productRefGroup = 7A79DBE01B39BB380026C61A /* Products */;
			projectDirPath = "";
			projectRoot = "";
			targets = (
				7A79DBDE1B39BB380026C61A /* RampsDemo */,
				7A79DBF31B39BB380026C61A /* RampsDemoTests */,
			);
		};
/* End PBXProject section */

/* Begin PBXResourcesBuildPhase section */
		7A79DBDD1B39BB380026C61A /* Resources */ = {
			isa = PBXResourcesBuildPhase;
			buildActionMask = 2147483647;
			files = (
				7A79DBEA1B39BB380026C61A /* Main.storyboard in Resources */,
				7A7A8DC21B3B9CAA009CC01D /* rampEmbed.json in Resources */,
				7A79DBEF1B39BB380026C61A /* LaunchScreen.xib in Resources */,
				7A79DBEC1B39BB380026C61A /* Images.xcassets in Resources */,
			);
			runOnlyForDeploymentPostprocessing = 0;
		};
		7A79DBF21B39BB380026C61A /* Resources */ = {
			isa = PBXResourcesBuildPhase;
			buildActionMask = 2147483647;
			files = (
			);
			runOnlyForDeploymentPostprocessing = 0;
		};
/* End PBXResourcesBuildPhase section */

/* Begin PBXSourcesBuildPhase section */
		7A79DBDB1B39BB380026C61A /* Sources */ = {
			isa = PBXSourcesBuildPhase;
			buildActionMask = 2147483647;
			files = (
				7A79DC611B3B6AF20026C61A /* TableController.swift in Sources */,
				7A79DBE71B39BB380026C61A /* ViewController.swift in Sources */,
				7A79DC071B39C0810026C61A /* Util.swift in Sources */,
				7A1E97451B5492090005BDE2 /* SwiftyJSON.swift in Sources */,
				7A79DBE51B39BB380026C61A /* AppDelegate.swift in Sources */,
			);
			runOnlyForDeploymentPostprocessing = 0;
		};
		7A79DBF01B39BB380026C61A /* Sources */ = {
			isa = PBXSourcesBuildPhase;
			buildActionMask = 2147483647;
			files = (
				7A79DBFB1B39BB380026C61A /* RampsDemoTests.swift in Sources */,
			);
			runOnlyForDeploymentPostprocessing = 0;
		};
/* End PBXSourcesBuildPhase section */

/* Begin PBXTargetDependency section */
		7A79DBF61B39BB380026C61A /* PBXTargetDependency */ = {
			isa = PBXTargetDependency;
			target = 7A79DBDE1B39BB380026C61A /* RampsDemo */;
			targetProxy = 7A79DBF51B39BB380026C61A /* PBXContainerItemProxy */;
		};
/* End PBXTargetDependency section */

/* Begin PBXVariantGroup section */
		7A79DBE81B39BB380026C61A /* Main.storyboard */ = {
			isa = PBXVariantGroup;
			children = (
				7A79DBE91B39BB380026C61A /* Base */,
			);
			name = Main.storyboard;
			sourceTree = "<group>";
		};
		7A79DBED1B39BB380026C61A /* LaunchScreen.xib */ = {
			isa = PBXVariantGroup;
			children = (
				7A79DBEE1B39BB380026C61A /* Base */,
			);
			name = LaunchScreen.xib;
			sourceTree = "<group>";
		};
/* End PBXVariantGroup section */

/* Begin XCBuildConfiguration section */
		7A79DBFC1B39BB380026C61A /* Debug */ = {
			isa = XCBuildConfiguration;
			buildSettings = {
				ALWAYS_SEARCH_USER_PATHS = NO;
				CLANG_CXX_LANGUAGE_STANDARD = "gnu++0x";
				CLANG_CXX_LIBRARY = "libc++";
				CLANG_ENABLE_MODULES = YES;
				CLANG_ENABLE_OBJC_ARC = YES;
				CLANG_WARN_BOOL_CONVERSION = YES;
				CLANG_WARN_CONSTANT_CONVERSION = YES;
				CLANG_WARN_DIRECT_OBJC_ISA_USAGE = YES_ERROR;
				CLANG_WARN_EMPTY_BODY = YES;
				CLANG_WARN_ENUM_CONVERSION = YES;
				CLANG_WARN_INT_CONVERSION = YES;
				CLANG_WARN_OBJC_ROOT_CLASS = YES_ERROR;
				CLANG_WARN_UNREACHABLE_CODE = YES;
				CLANG_WARN__DUPLICATE_METHOD_MATCH = YES;
				"CODE_SIGN_IDENTITY[sdk=iphoneos*]" = "iPhone Developer";
				COPY_PHASE_STRIP = NO;
				DEBUG_INFORMATION_FORMAT = "dwarf-with-dsym";
				ENABLE_STRICT_OBJC_MSGSEND = YES;
				GCC_C_LANGUAGE_STANDARD = gnu99;
				GCC_DYNAMIC_NO_PIC = NO;
				GCC_NO_COMMON_BLOCKS = YES;
				GCC_OPTIMIZATION_LEVEL = 0;
				GCC_PREPROCESSOR_DEFINITIONS = (
					"DEBUG=1",
					"$(inherited)",
				);
				GCC_SYMBOLS_PRIVATE_EXTERN = NO;
				GCC_WARN_64_TO_32_BIT_CONVERSION = YES;
				GCC_WARN_ABOUT_RETURN_TYPE = YES_ERROR;
				GCC_WARN_UNDECLARED_SELECTOR = YES;
				GCC_WARN_UNINITIALIZED_AUTOS = YES_AGGRESSIVE;
				GCC_WARN_UNUSED_FUNCTION = YES;
				GCC_WARN_UNUSED_VARIABLE = YES;
				IPHONEOS_DEPLOYMENT_TARGET = 8.3;
				MTL_ENABLE_DEBUG_INFO = YES;
				ONLY_ACTIVE_ARCH = YES;
				SDKROOT = iphoneos;
				SWIFT_OPTIMIZATION_LEVEL = "-Onone";
			};
			name = Debug;
		};
		7A79DBFD1B39BB380026C61A /* Release */ = {
			isa = XCBuildConfiguration;
			buildSettings = {
				ALWAYS_SEARCH_USER_PATHS = NO;
				CLANG_CXX_LANGUAGE_STANDARD = "gnu++0x";
				CLANG_CXX_LIBRARY = "libc++";
				CLANG_ENABLE_MODULES = YES;
				CLANG_ENABLE_OBJC_ARC = YES;
				CLANG_WARN_BOOL_CONVERSION = YES;
				CLANG_WARN_CONSTANT_CONVERSION = YES;
				CLANG_WARN_DIRECT_OBJC_ISA_USAGE = YES_ERROR;
				CLANG_WARN_EMPTY_BODY = YES;
				CLANG_WARN_ENUM_CONVERSION = YES;
				CLANG_WARN_INT_CONVERSION = YES;
				CLANG_WARN_OBJC_ROOT_CLASS = YES_ERROR;
				CLANG_WARN_UNREACHABLE_CODE = YES;
				CLANG_WARN__DUPLICATE_METHOD_MATCH = YES;
				"CODE_SIGN_IDENTITY[sdk=iphoneos*]" = "iPhone Developer";
				COPY_PHASE_STRIP = NO;
				DEBUG_INFORMATION_FORMAT = "dwarf-with-dsym";
				ENABLE_NS_ASSERTIONS = NO;
				ENABLE_STRICT_OBJC_MSGSEND = YES;
				GCC_C_LANGUAGE_STANDARD = gnu99;
				GCC_NO_COMMON_BLOCKS = YES;
				GCC_WARN_64_TO_32_BIT_CONVERSION = YES;
				GCC_WARN_ABOUT_RETURN_TYPE = YES_ERROR;
				GCC_WARN_UNDECLARED_SELECTOR = YES;
				GCC_WARN_UNINITIALIZED_AUTOS = YES_AGGRESSIVE;
				GCC_WARN_UNUSED_FUNCTION = YES;
				GCC_WARN_UNUSED_VARIABLE = YES;
				IPHONEOS_DEPLOYMENT_TARGET = 8.3;
				MTL_ENABLE_DEBUG_INFO = NO;
				SDKROOT = iphoneos;
				VALIDATE_PRODUCT = YES;
			};
			name = Release;
		};
		7A79DBFF1B39BB380026C61A /* Debug */ = {
			isa = XCBuildConfiguration;
			buildSettings = {
				ASSETCATALOG_COMPILER_APPICON_NAME = AppIcon;
				FRAMEWORK_SEARCH_PATHS = (
					"$(inherited)",
					"$(PROJECT_DIR)",
					"$(PROJECT_DIR)/RampsDemo",
				);
				INFOPLIST_FILE = RampsDemo/Info.plist;
				IPHONEOS_DEPLOYMENT_TARGET = 8.4;
				LD_RUNPATH_SEARCH_PATHS = "$(inherited) @executable_path/Frameworks";
				PRODUCT_NAME = "$(TARGET_NAME)";
			};
			name = Debug;
		};
		7A79DC001B39BB380026C61A /* Release */ = {
			isa = XCBuildConfiguration;
			buildSettings = {
				ASSETCATALOG_COMPILER_APPICON_NAME = AppIcon;
				FRAMEWORK_SEARCH_PATHS = (
					"$(inherited)",
					"$(PROJECT_DIR)",
					"$(PROJECT_DIR)/RampsDemo",
				);
				INFOPLIST_FILE = RampsDemo/Info.plist;
				IPHONEOS_DEPLOYMENT_TARGET = 8.4;
				LD_RUNPATH_SEARCH_PATHS = "$(inherited) @executable_path/Frameworks";
				PRODUCT_NAME = "$(TARGET_NAME)";
			};
			name = Release;
		};
		7A79DC021B39BB380026C61A /* Debug */ = {
			isa = XCBuildConfiguration;
			buildSettings = {
				BUNDLE_LOADER = "$(TEST_HOST)";
				FRAMEWORK_SEARCH_PATHS = (
					"$(SDKROOT)/Developer/Library/Frameworks",
					"$(inherited)",
				);
				GCC_PREPROCESSOR_DEFINITIONS = (
					"DEBUG=1",
					"$(inherited)",
				);
				INFOPLIST_FILE = RampsDemoTests/Info.plist;
				LD_RUNPATH_SEARCH_PATHS = "$(inherited) @executable_path/Frameworks @loader_path/Frameworks";
				PRODUCT_NAME = "$(TARGET_NAME)";
				TEST_HOST = "$(BUILT_PRODUCTS_DIR)/RampsDemo.app/RampsDemo";
			};
			name = Debug;
		};
		7A79DC031B39BB380026C61A /* Release */ = {
			isa = XCBuildConfiguration;
			buildSettings = {
				BUNDLE_LOADER = "$(TEST_HOST)";
				FRAMEWORK_SEARCH_PATHS = (
					"$(SDKROOT)/Developer/Library/Frameworks",
					"$(inherited)",
				);
				INFOPLIST_FILE = RampsDemoTests/Info.plist;
				LD_RUNPATH_SEARCH_PATHS = "$(inherited) @executable_path/Frameworks @loader_path/Frameworks";
				PRODUCT_NAME = "$(TARGET_NAME)";
				TEST_HOST = "$(BUILT_PRODUCTS_DIR)/RampsDemo.app/RampsDemo";
			};
			name = Release;
		};
/* End XCBuildConfiguration section */

/* Begin XCConfigurationList section */
		7A79DBDA1B39BB380026C61A /* Build configuration list for PBXProject "RampsDemo" */ = {
			isa = XCConfigurationList;
			buildConfigurations = (
				7A79DBFC1B39BB380026C61A /* Debug */,
				7A79DBFD1B39BB380026C61A /* Release */,
			);
			defaultConfigurationIsVisible = 0;
			defaultConfigurationName = Release;
		};
		7A79DBFE1B39BB380026C61A /* Build configuration list for PBXNativeTarget "RampsDemo" */ = {
			isa = XCConfigurationList;
			buildConfigurations = (
				7A79DBFF1B39BB380026C61A /* Debug */,
				7A79DC001B39BB380026C61A /* Release */,
			);
			defaultConfigurationIsVisible = 0;
			defaultConfigurationName = Release;
		};
		7A79DC011B39BB380026C61A /* Build configuration list for PBXNativeTarget "RampsDemoTests" */ = {
			isa = XCConfigurationList;
			buildConfigurations = (
				7A79DC021B39BB380026C61A /* Debug */,
				7A79DC031B39BB380026C61A /* Release */,
			);
			defaultConfigurationIsVisible = 0;
			defaultConfigurationName = Release;
		};
/* End XCConfigurationList section */
	};
	rootObject = 7A79DBD71B39BB380026C61A /* Project object */;
}
